Microsoft Visual Studio Solution File, Format Version 12.00
# Visual Studio 14
VisualStudioVersion = 14.0.24720.0
MinimumVisualStudioVersion = 10.0.40219.1
Project("{FAE04EC0-301F-11D3-BF4B-00C04F79EFBC}") = "OpenGL", "OpenGL\OpenGL.csproj", "{06A17294-7E9D-48F2-839D-AD87DCF6F0DF}"
EndProject
Project("{FAE04EC0-301F-11D3-BF4B-00C04F79EFBC}") = "ScePSX", "ScePSX\ScePSX.csproj", "{22D08CCC-1357-4E4D-9067-25CF10FFF253}"
EndProject
Project("{FAE04EC0-301F-11D3-BF4B-00C04F79EFBC}") = "vk", "vk\vk.csproj", "{C7E5A3F2-BA4D-4EB9-AE5F-83BCFD09B815}"
EndProject
Global
	GlobalSection(SolutionConfigurationPlatforms) = preSolution
		Debug|AnyCPU = Debug|AnyCPU
		Release|AnyCPU = Release|AnyCPU
	EndGlobalSection
	GlobalSection(ProjectConfigurationPlatforms) = postSolution
		{06A17294-7E9D-48F2-839D-AD87DCF6F0DF}.Debug|AnyCPU.ActiveCfg = Debug|AnyCPU
		{06A17294-7E9D-48F2-839D-AD87DCF6F0DF}.Debug|AnyCPU.Build.0 = Debug|AnyCPU
		{06A17294-7E9D-48F2-839D-AD87DCF6F0DF}.Release|AnyCPU.ActiveCfg = Release|AnyCPU
		{06A17294-7E9D-48F2-839D-AD87DCF6F0DF}.Release|AnyCPU.Build.0 = Release|AnyCPU
		{22D08CCC-1357-4E4D-9067-25CF10FFF253}.Debug|AnyCPU.ActiveCfg = Debug|AnyCPU
		{22D08CCC-1357-4E4D-9067-25CF10FFF253}.Debug|AnyCPU.Build.0 = Debug|AnyCPU
		{22D08CCC-1357-4E4D-9067-25CF10FFF253}.Release|AnyCPU.ActiveCfg = Release|AnyCPU
		{22D08CCC-1357-4E4D-9067-25CF10FFF253}.Release|AnyCPU.Build.0 = Release|AnyCPU
		{C7E5A3F2-BA4D-4EB9-AE5F-83BCFD09B815}.Debug|AnyCPU.ActiveCfg = Debug|AnyCPU
		{C7E5A3F2-BA4D-4EB9-AE5F-83BCFD09B815}.Debug|AnyCPU.Build.0 = Debug|AnyCPU
		{C7E5A3F2-BA4D-4EB9-AE5F-83BCFD09B815}.Release|AnyCPU.ActiveCfg = Release|AnyCPU
		{C7E5A3F2-BA4D-4EB9-AE5F-83BCFD09B815}.Release|AnyCPU.Build.0 = Release|AnyCPU
	EndGlobalSection
	GlobalSection(SolutionProperties) = preSolution
		HideSolutionNode = FALSE
	EndGlobalSection
EndGlobal
